
Microsoft Visual Studio Solution File, Format Version 12.00
# Visual Studio 15
VisualStudioVersion = 15.0.27703.2042
MinimumVisualStudioVersion = 10.0.40219.1
Project("{FAE04EC0-301F-11D3-BF4B-00C04F79EFBC}") = "ResidentalCalc", "ResidentalCalc\ResidentalCalc.csproj", "{06C4DBC0-8D5F-4E02-87FA-DB9860B4FEEC}"
EndProject
Global
	GlobalSection(SolutionConfigurationPlatforms) = preSolution
		Debug|Any CPU = Debug|Any CPU
		Release|Any CPU = Release|Any CPU
	EndGlobalSection
	GlobalSection(ProjectConfigurationPlatforms) = postSolution
		{06C4DBC0-8D5F-4E02-87FA-DB9860B4FEEC}.Debug|Any CPU.ActiveCfg = Debug|Any CPU
		{06C4DBC0-8D5F-4E02-87FA-DB9860B4FEEC}.Debug|Any CPU.Build.0 = Debug|Any CPU
		{06C4DBC0-8D5F-4E02-87FA-DB9860B4FEEC}.Release|Any CPU.ActiveCfg = Release|Any CPU
		{06C4DBC0-8D5F-4E02-87FA-DB9860B4FEEC}.Release|Any CPU.Build.0 = Release|Any CPU
	EndGlobalSection
	GlobalSection(SolutionProperties) = preSolution
		HideSolutionNode = FALSE
	EndGlobalSection
	GlobalSection(ExtensibilityGlobals) = postSolution
		SolutionGuid = {D17D9390-D784-4AD6-AB12-D0E46C0FDC77}
	EndGlobalSection
EndGlobal
